PODS:
  - BigInt (5.0.0)
  - SwiftLint (0.36.0)
  - TrezorCrypto (0.0.9)
  - TrustCore (0.0.7):
    - BigInt
    - TrezorCrypto

DEPENDENCIES:
  - BigInt
  - SwiftLint
  - TrezorCrypto
  - TrustCore (from `https://github.com/i-stack/TrustCore`, branch `TrustCore_0.0.7`)

SPEC REPOS:
  trunk:
    - BigInt
    - SwiftLint
    - TrezorCrypto

EXTERNAL SOURCES:
  TrustCore:
    :branch: TrustCore_0.0.7
    :git: https://github.com/i-stack/TrustCore

CHECKOUT OPTIONS:
  TrustCore:
    :commit: 3b624eaad4a9e38ccbb4d4a3a1f99a3ecccac7d2
    :git: https://github.com/i-stack/TrustCore

SPEC CHECKSUMS:
  BigInt: 74b4d88367b0e819d9f77393549226d36faeb0d8
  SwiftLint: fc9859e4e1752340664851f667bb1898b9c90114
  TrezorCrypto: bfeea47a052dca2c77d4a39e1e183865e52de14d
  TrustCore: 84fea3396e8bef4968d81ce9302f5a07fd62a2fc

PODFILE CHECKSUM: 171866206816dedb3741529522a90d05e70885a5

COCOAPODS: 1.8.4
