PODS:
  - BigInt (5.0.0)
  - CryptoSwift (1.1.3)
  - SwiftLint (0.36.0)
  - SwiftProtobuf (1.7.0)
  - TrezorCrypto (0.0.9)
  - TrustCore (0.2.2):
    - BigInt
    - SwiftProtobuf (~> 1.0)
    - TrezorCrypto (~> 0.0.8)

DEPENDENCIES:
  - BigInt
  - CryptoSwift
  - SwiftLint
  - TrezorCrypto
  - TrustCore (from `https://github.com/TrustWallet/trust-core`, branch `master`)

SPEC REPOS:
  trunk:
    - BigInt
    - CryptoSwift
    - SwiftLint
    - SwiftProtobuf
    - TrezorCrypto

EXTERNAL SOURCES:
  TrustCore:
    :branch: master
    :git: https://github.com/TrustWallet/trust-core

CHECKOUT OPTIONS:
  TrustCore:
    :commit: 833ec3f263bb9b257b6ec04359cb98d1bae7cf17
    :git: https://github.com/TrustWallet/trust-core

SPEC CHECKSUMS:
  BigInt: 74b4d88367b0e819d9f77393549226d36faeb0d8
  CryptoSwift: 6b6e488df0598b3e9fa49254ed1a65e8c1b1e10b
  SwiftLint: fc9859e4e1752340664851f667bb1898b9c90114
  SwiftProtobuf: 4fd9645e69b72cbae6ec8da5be0cdd20ca6565dd
  TrezorCrypto: bfeea47a052dca2c77d4a39e1e183865e52de14d
  TrustCore: 378c82221f4d28a75da133d049710f5030427176

PODFILE CHECKSUM: 8d7e1864cfd7834c63ccb55d95bf9792737e47eb

COCOAPODS: 1.8.4
